
Microsoft Visual Studio Solution File, Format Version 12.00
# Visual Studio Version 17
VisualStudioVersion = 17.6.33723.286
MinimumVisualStudioVersion = 10.0.40219.1
Project("{FAE04EC0-301F-11D3-BF4B-00C04F79EFBC}") = "week4_homeworks", "week4_homeworks\week4_homeworks.csproj", "{471B00AB-1F5F-4818-B53F-142459DF7585}"
EndProject
Global
	GlobalSection(SolutionConfigurationPlatforms) = preSolution
		Debug|Any CPU = Debug|Any CPU
		Release|Any CPU = Release|Any CPU
	EndGlobalSection
	GlobalSection(ProjectConfigurationPlatforms) = postSolution
		{471B00AB-1F5F-4818-B53F-142459DF7585}.Debug|Any CPU.ActiveCfg = Debug|Any CPU
		{471B00AB-1F5F-4818-B53F-142459DF7585}.Debug|Any CPU.Build.0 = Debug|Any CPU
		{471B00AB-1F5F-4818-B53F-142459DF7585}.Release|Any CPU.ActiveCfg = Release|Any CPU
		{471B00AB-1F5F-4818-B53F-142459DF7585}.Release|Any CPU.Build.0 = Release|Any CPU
	EndGlobalSection
	GlobalSection(SolutionProperties) = preSolution
		HideSolutionNode = FALSE
	EndGlobalSection
	GlobalSection(ExtensibilityGlobals) = postSolution
		SolutionGuid = {1093530D-0785-4D63-B609-7F6EB4A66245}
	EndGlobalSection
EndGlobal
