
Microsoft Visual Studio Solution File, Format Version 12.00
# Visual Studio Version 17
VisualStudioVersion = 17.6.33723.286
MinimumVisualStudioVersion = 10.0.40219.1
Project("{9A19103F-16F7-4668-BE54-9A1E7A4F7556}") = "MovieStoreApp", "MovieStoreApp\MovieStoreApp.csproj", "{9017A0C7-6D12-4E70-8608-4A70CC88CEE4}"
EndProject
Project("{2150E333-8FDC-42A3-9474-1A3956D46DE8}") = "Tests", "Tests", "{CE860D79-C273-4DF4-986A-FC426AE188C7}"
EndProject
Project("{FAE04EC0-301F-11D3-BF4B-00C04F79EFBC}") = "UnitTests.MovieStoreApp", "UnitTests.MovieStoreApp\UnitTests.MovieStoreApp.csproj", "{28B1A2D2-5D90-4093-8752-834D115516AD}"
EndProject
Global
	GlobalSection(SolutionConfigurationPlatforms) = preSolution
		Debug|Any CPU = Debug|Any CPU
		Release|Any CPU = Release|Any CPU
	EndGlobalSection
	GlobalSection(ProjectConfigurationPlatforms) = postSolution
		{9017A0C7-6D12-4E70-8608-4A70CC88CEE4}.Debug|Any CPU.ActiveCfg = Debug|Any CPU
		{9017A0C7-6D12-4E70-8608-4A70CC88CEE4}.Debug|Any CPU.Build.0 = Debug|Any CPU
		{9017A0C7-6D12-4E70-8608-4A70CC88CEE4}.Release|Any CPU.ActiveCfg = Release|Any CPU
		{9017A0C7-6D12-4E70-8608-4A70CC88CEE4}.Release|Any CPU.Build.0 = Release|Any CPU
		{28B1A2D2-5D90-4093-8752-834D115516AD}.Debug|Any CPU.ActiveCfg = Debug|Any CPU
		{28B1A2D2-5D90-4093-8752-834D115516AD}.Debug|Any CPU.Build.0 = Debug|Any CPU
		{28B1A2D2-5D90-4093-8752-834D115516AD}.Release|Any CPU.ActiveCfg = Release|Any CPU
		{28B1A2D2-5D90-4093-8752-834D115516AD}.Release|Any CPU.Build.0 = Release|Any CPU
	EndGlobalSection
	GlobalSection(SolutionProperties) = preSolution
		HideSolutionNode = FALSE
	EndGlobalSection
	GlobalSection(NestedProjects) = preSolution
		{28B1A2D2-5D90-4093-8752-834D115516AD} = {CE860D79-C273-4DF4-986A-FC426AE188C7}
	EndGlobalSection
	GlobalSection(ExtensibilityGlobals) = postSolution
		SolutionGuid = {3F352C30-6CDC-42F0-847A-549DBACB8D03}
	EndGlobalSection
EndGlobal
